// !$*UTF8*$!
{
	archiveVersion = 1;
	classes = {
	};
	objectVersion = 46;
	objects = {

/* Begin PBXBuildFile section */
		80BC2F96170E2FBD00FBDEC5 /* OpenGL.framework in Frameworks */ = {isa = PBXBuildFile; fileRef = 80BC2F95170E2FBD00FBDEC5 /* OpenGL.framework */; };
		80BC2FAE170E30AE00FBDEC5 /* Event.cpp in Sources */ = {isa = PBXBuildFile; fileRef = 80BC2F97170E307200FBDEC5 /* Event.cpp */; };
		80BC2FAF170E30AE00FBDEC5 /* Event.h in Sources */ = {isa = PBXBuildFile; fileRef = 80BC2F98170E307200FBDEC5 /* Event.h */; };
		80BC2FB0170E30AE00FBDEC5 /* EventManager.cpp in Sources */ = {isa = PBXBuildFile; fileRef = 80BC2F99170E307200FBDEC5 /* EventManager.cpp */; };
		80BC2FB1170E30AE00FBDEC5 /* EventManager.h in Sources */ = {isa = PBXBuildFile; fileRef = 80BC2F9A170E307200FBDEC5 /* EventManager.h */; };
		80BC2FB2170E30AE00FBDEC5 /* EventObserver.h in Sources */ = {isa = PBXBuildFile; fileRef = 80BC2F9B170E307200FBDEC5 /* EventObserver.h */; };
		80BC2FB3170E30AE00FBDEC5 /* Board.cpp in Sources */ = {isa = PBXBuildFile; fileRef = 80BC2F9D170E307200FBDEC5 /* Board.cpp */; };
		80BC2FB4170E30AE00FBDEC5 /* Board.h in Sources */ = {isa = PBXBuildFile; fileRef = 80BC2F9E170E307200FBDEC5 /* Board.h */; };
		80BC2FB5170E30AE00FBDEC5 /* Piece.cpp in Sources */ = {isa = PBXBuildFile; fileRef = 80BC2F9F170E307200FBDEC5 /* Piece.cpp */; };
		80BC2FB6170E30AE00FBDEC5 /* Piece.h in Sources */ = {isa = PBXBuildFile; fileRef = 80BC2FA0170E307200FBDEC5 /* Piece.h */; };
		80BC2FB7170E30AE00FBDEC5 /* Puyo.cpp in Sources */ = {isa = PBXBuildFile; fileRef = 80BC2FA1170E307200FBDEC5 /* Puyo.cpp */; };
		80BC2FB8170E30AE00FBDEC5 /* Puyo.h in Sources */ = {isa = PBXBuildFile; fileRef = 80BC2FA2170E307200FBDEC5 /* Puyo.h */; };
		80BC2FB9170E30AE00FBDEC5 /* BoardView.cpp in Sources */ = {isa = PBXBuildFile; fileRef = 80BC2FA4170E307200FBDEC5 /* BoardView.cpp */; };
		80BC2FBA170E30AE00FBDEC5 /* BoardView.h in Sources */ = {isa = PBXBuildFile; fileRef = 80BC2FA5170E307200FBDEC5 /* BoardView.h */; };
		80BC2FBB170E30AE00FBDEC5 /* GameInterface.cpp in Sources */ = {isa = PBXBuildFile; fileRef = 80BC2FA6170E307200FBDEC5 /* GameInterface.cpp */; };
		80BC2FBC170E30AE00FBDEC5 /* GameInterface.h in Sources */ = {isa = PBXBuildFile; fileRef = 80BC2FA7170E307200FBDEC5 /* GameInterface.h */; };
		80BC2FC2170E334C00FBDEC5 /* main.bmp in CopyFiles */ = {isa = PBXBuildFile; fileRef = 80BC2FC0170E334300FBDEC5 /* main.bmp */; };
		80BC2FC5170E356800FBDEC5 /* StartScene.cpp in Sources */ = {isa = PBXBuildFile; fileRef = 80BC2FC3170E356800FBDEC5 /* StartScene.cpp */; };
		80BC2FC8170E3DFB00FBDEC5 /* startGameNormal.bmp in CopyFiles */ = {isa = PBXBuildFile; fileRef = 80BC2FC6170E3DBA00FBDEC5 /* startGameNormal.bmp */; };
		80BC2FC9170E3DFB00FBDEC5 /* startGameSelected.bmp in CopyFiles */ = {isa = PBXBuildFile; fileRef = 80BC2FC7170E3DBA00FBDEC5 /* startGameSelected.bmp */; };
		80BC2FCC170E3E5E00FBDEC5 /* Button.cpp in Sources */ = {isa = PBXBuildFile; fileRef = 80BC2FCA170E3E5E00FBDEC5 /* Button.cpp */; };
		80DA4E65170D87EB00FAF31C /* Cocoa.framework in Frameworks */ = {isa = PBXBuildFile; fileRef = 80DA4E64170D87EB00FAF31C /* Cocoa.framework */; };
		80DA4E68170D87F700FAF31C /* CoreFoundation.framework in Frameworks */ = {isa = PBXBuildFile; fileRef = 80DA4E66170D87F700FAF31C /* CoreFoundation.framework */; };
		80DA4E69170D87F700FAF31C /* Foundation.framework in Frameworks */ = {isa = PBXBuildFile; fileRef = 80DA4E67170D87F700FAF31C /* Foundation.framework */; };
		80DA4E6E170D8C9D00FAF31C /* SDL.framework in Frameworks */ = {isa = PBXBuildFile; fileRef = 80DA4E6D170D8C9D00FAF31C /* SDL.framework */; };
		80DA4E70170D920A00FAF31C /* SDL.framework in CopyFiles */ = {isa = PBXBuildFile; fileRef = 80DA4E6F170D920A00FAF31C /* SDL.framework */; };
		80DA4E96170E2B1C00FAF31C /* main.mm in Sources */ = {isa = PBXBuildFile; fileRef = 80DA4E92170E2B1C00FAF31C /* main.mm */; };
		80DA4E97170E2B1C00FAF31C /* SDLMain.m in Sources */ = {isa = PBXBuildFile; fileRef = 80DA4E95170E2B1C00FAF31C /* SDLMain.m */; };
/* End PBXBuildFile section */

/* Begin PBXCopyFilesBuildPhase section */
		80096336170D84560003010F /* CopyFiles */ = {
			isa = PBXCopyFilesBuildPhase;
			buildActionMask = 12;
			dstPath = "";
			dstSubfolderSpec = 7;
			files = (
				80BC2FC8170E3DFB00FBDEC5 /* startGameNormal.bmp in CopyFiles */,
				80BC2FC9170E3DFB00FBDEC5 /* startGameSelected.bmp in CopyFiles */,
				80BC2FC2170E334C00FBDEC5 /* main.bmp in CopyFiles */,
				80DA4E70170D920A00FAF31C /* SDL.framework in CopyFiles */,
			);
			runOnlyForDeploymentPostprocessing = 0;
		};
/* End PBXCopyFilesBuildPhase section */

/* Begin PBXFileReference section */
		80096338170D84560003010F /* PuyoWindow */ = {isa = PBXFileReference; explicitFileType = "compiled.mach-o.executable"; includeInIndex = 0; path = PuyoWindow; sourceTree = BUILT_PRODUCTS_DIR; };
		80BC2F95170E2FBD00FBDEC5 /* OpenGL.framework */ = {isa = PBXFileReference; lastKnownFileType = wrapper.framework; name = OpenGL.framework; path = System/Library/Frameworks/OpenGL.framework; sourceTree = SDKROOT; };
		80BC2F97170E307200FBDEC5 /* Event.cpp */ = {isa = PBXFileReference; fileEncoding = 4; lastKnownFileType = sourcecode.cpp.cpp; path = Event.cpp; sourceTree = "<group>"; };
		80BC2F98170E307200FBDEC5 /* Event.h */ = {isa = PBXFileReference; fileEncoding = 4; lastKnownFileType = sourcecode.c.h; path = Event.h; sourceTree = "<group>"; };
		80BC2F99170E307200FBDEC5 /* EventManager.cpp */ = {isa = PBXFileReference; fileEncoding = 4; lastKnownFileType = sourcecode.cpp.cpp; path = EventManager.cpp; sourceTree = "<group>"; };
		80BC2F9A170E307200FBDEC5 /* EventManager.h */ = {isa = PBXFileReference; fileEncoding = 4; lastKnownFileType = sourcecode.c.h; path = EventManager.h; sourceTree = "<group>"; };
		80BC2F9B170E307200FBDEC5 /* EventObserver.h */ = {isa = PBXFileReference; fileEncoding = 4; lastKnownFileType = sourcecode.c.h; path = EventObserver.h; sourceTree = "<group>"; };
		80BC2F9D170E307200FBDEC5 /* Board.cpp */ = {isa = PBXFileReference; fileEncoding = 4; lastKnownFileType = sourcecode.cpp.cpp; path = Board.cpp; sourceTree = "<group>"; };
		80BC2F9E170E307200FBDEC5 /* Board.h */ = {isa = PBXFileReference; fileEncoding = 4; lastKnownFileType = sourcecode.c.h; path = Board.h; sourceTree = "<group>"; };
		80BC2F9F170E307200FBDEC5 /* Piece.cpp */ = {isa = PBXFileReference; fileEncoding = 4; lastKnownFileType = sourcecode.cpp.cpp; path = Piece.cpp; sourceTree = "<group>"; };
		80BC2FA0170E307200FBDEC5 /* Piece.h */ = {isa = PBXFileReference; fileEncoding = 4; lastKnownFileType = sourcecode.c.h; path = Piece.h; sourceTree = "<group>"; };
		80BC2FA1170E307200FBDEC5 /* Puyo.cpp */ = {isa = PBXFileReference; fileEncoding = 4; lastKnownFileType = sourcecode.cpp.cpp; path = Puyo.cpp; sourceTree = "<group>"; };
		80BC2FA2170E307200FBDEC5 /* Puyo.h */ = {isa = PBXFileReference; fileEncoding = 4; lastKnownFileType = sourcecode.c.h; path = Puyo.h; sourceTree = "<group>"; };
		80BC2FA4170E307200FBDEC5 /* BoardView.cpp */ = {isa = PBXFileReference; fileEncoding = 4; lastKnownFileType = sourcecode.cpp.cpp; path = BoardView.cpp; sourceTree = "<group>"; };
		80BC2FA5170E307200FBDEC5 /* BoardView.h */ = {isa = PBXFileReference; fileEncoding = 4; lastKnownFileType = sourcecode.c.h; path = BoardView.h; sourceTree = "<group>"; };
		80BC2FA6170E307200FBDEC5 /* GameInterface.cpp */ = {isa = PBXFileReference; fileEncoding = 4; lastKnownFileType = sourcecode.cpp.cpp; path = GameInterface.cpp; sourceTree = "<group>"; };
		80BC2FA7170E307200FBDEC5 /* GameInterface.h */ = {isa = PBXFileReference; fileEncoding = 4; lastKnownFileType = sourcecode.c.h; path = GameInterface.h; sourceTree = "<group>"; };
		80BC2FA9170E307200FBDEC5 /* main.cpp */ = {isa = PBXFileReference; fileEncoding = 4; lastKnownFileType = sourcecode.cpp.cpp; path = main.cpp; sourceTree = "<group>"; };
		80BC2FAA170E307200FBDEC5 /* Puyo.1 */ = {isa = PBXFileReference; fileEncoding = 4; lastKnownFileType = text.man; path = Puyo.1; sourceTree = "<group>"; };
		80BC2FC0170E334300FBDEC5 /* main.bmp */ = {isa = PBXFileReference; lastKnownFileType = image.bmp; path = main.bmp; sourceTree = "<group>"; };
		80BC2FC1170E334300FBDEC5 /* main.jpg */ = {isa = PBXFileReference; lastKnownFileType = image.jpeg; path = main.jpg; sourceTree = "<group>"; };
		80BC2FC3170E356800FBDEC5 /* StartScene.cpp */ = {isa = PBXFileReference; fileEncoding = 4; lastKnownFileType = sourcecode.cpp.cpp; path = StartScene.cpp; sourceTree = "<group>"; };
		80BC2FC4170E356800FBDEC5 /* StartScene.h */ = {isa = PBXFileReference; fileEncoding = 4; lastKnownFileType = sourcecode.c.h; path = StartScene.h; sourceTree = "<group>"; };
		80BC2FC6170E3DBA00FBDEC5 /* startGameNormal.bmp */ = {isa = PBXFileReference; lastKnownFileType = image.bmp; path = startGameNormal.bmp; sourceTree = "<group>"; };
		80BC2FC7170E3DBA00FBDEC5 /* startGameSelected.bmp */ = {isa = PBXFileReference; lastKnownFileType = image.bmp; path = startGameSelected.bmp; sourceTree = "<group>"; };
		80BC2FCA170E3E5E00FBDEC5 /* Button.cpp */ = {isa = PBXFileReference; fileEncoding = 4; lastKnownFileType = sourcecode.cpp.cpp; path = Button.cpp; sourceTree = "<group>"; };
		80BC2FCB170E3E5E00FBDEC5 /* Button.h */ = {isa = PBXFileReference; fileEncoding = 4; lastKnownFileType = sourcecode.c.h; path = Button.h; sourceTree = "<group>"; };
		80DA4E64170D87EB00FAF31C /* Cocoa.framework */ = {isa = PBXFileReference; lastKnownFileType = wrapper.framework; name = Cocoa.framework; path = System/Library/Frameworks/Cocoa.framework; sourceTree = SDKROOT; };
		80DA4E66170D87F700FAF31C /* CoreFoundation.framework */ = {isa = PBXFileReference; lastKnownFileType = wrapper.framework; name = CoreFoundation.framework; path = System/Library/Frameworks/CoreFoundation.framework; sourceTree = SDKROOT; };
		80DA4E67170D87F700FAF31C /* Foundation.framework */ = {isa = PBXFileReference; lastKnownFileType = wrapper.framework; name = Foundation.framework; path = System/Library/Frameworks/Foundation.framework; sourceTree = SDKROOT; };
		80DA4E6D170D8C9D00FAF31C /* SDL.framework */ = {isa = PBXFileReference; lastKnownFileType = wrapper.framework; name = SDL.framework; path = PuyoWindow/PuyoWindow/SDL.framework; sourceTree = "<group>"; };
		80DA4E6F170D920A00FAF31C /* SDL.framework */ = {isa = PBXFileReference; lastKnownFileType = wrapper.framework; name = SDL.framework; path = PuyoWindow/PuyoWindow/SDL.framework; sourceTree = "<group>"; };
		80DA4E92170E2B1C00FAF31C /* main.mm */ = {isa = PBXFileReference; fileEncoding = 4; lastKnownFileType = sourcecode.cpp.objcpp; name = main.mm; path = PuyoWindow/main.mm; sourceTree = "<group>"; };
		80DA4E93170E2B1C00FAF31C /* PuyoWindow.1 */ = {isa = PBXFileReference; fileEncoding = 4; lastKnownFileType = text.man; name = PuyoWindow.1; path = PuyoWindow/PuyoWindow.1; sourceTree = "<group>"; };
		80DA4E94170E2B1C00FAF31C /* SDLMain.h */ = {isa = PBXFileReference; fileEncoding = 4; lastKnownFileType = sourcecode.c.h; name = SDLMain.h; path = PuyoWindow/SDLMain.h; sourceTree = "<group>"; };
		80DA4E95170E2B1C00FAF31C /* SDLMain.m */ = {isa = PBXFileReference; fileEncoding = 4; lastKnownFileType = sourcecode.c.objc; name = SDLMain.m; path = PuyoWindow/SDLMain.m; sourceTree = "<group>"; };
/* End PBXFileReference section */

/* Begin PBXFrameworksBuildPhase section */
		80096335170D84560003010F /* Frameworks */ = {
			isa = PBXFrameworksBuildPhase;
			buildActionMask = 2147483647;
			files = (
				80BC2F96170E2FBD00FBDEC5 /* OpenGL.framework in Frameworks */,
				80DA4E68170D87F700FAF31C /* CoreFoundation.framework in Frameworks */,
				80DA4E69170D87F700FAF31C /* Foundation.framework in Frameworks */,
				80DA4E65170D87EB00FAF31C /* Cocoa.framework in Frameworks */,
				80DA4E6E170D8C9D00FAF31C /* SDL.framework in Frameworks */,
			);
			runOnlyForDeploymentPostprocessing = 0;
		};
/* End PBXFrameworksBuildPhase section */

/* Begin PBXGroup section */
		8009632F170D84560003010F = {
			isa = PBXGroup;
			children = (
				80BC2F95170E2FBD00FBDEC5 /* OpenGL.framework */,
				80DA4E6F170D920A00FAF31C /* SDL.framework */,
				80DA4E6D170D8C9D00FAF31C /* SDL.framework */,
				80DA4E66170D87F700FAF31C /* CoreFoundation.framework */,
				80DA4E67170D87F700FAF31C /* Foundation.framework */,
				80DA4E64170D87EB00FAF31C /* Cocoa.framework */,
				80BC2FAD170E307200FBDEC5 /* Puyo */,
				8009633A170D84560003010F /* PuyoWindow */,
				80096339170D84560003010F /* Products */,
			);
			sourceTree = "<group>";
		};
		80096339170D84560003010F /* Products */ = {
			isa = PBXGroup;
			children = (
				80096338170D84560003010F /* PuyoWindow */,
			);
			name = Products;
			sourceTree = "<group>";
		};
		8009633A170D84560003010F /* PuyoWindow */ = {
			isa = PBXGroup;
			children = (
				80DA4E92170E2B1C00FAF31C /* main.mm */,
				80DA4E93170E2B1C00FAF31C /* PuyoWindow.1 */,
				80DA4E94170E2B1C00FAF31C /* SDLMain.h */,
				80DA4E95170E2B1C00FAF31C /* SDLMain.m */,
			);
			path = PuyoWindow;
			sourceTree = "<group>";
		};
		80BC2F9C170E307200FBDEC5 /* EventsManager */ = {
			isa = PBXGroup;
			children = (
				80BC2F97170E307200FBDEC5 /* Event.cpp */,
				80BC2F98170E307200FBDEC5 /* Event.h */,
				80BC2F99170E307200FBDEC5 /* EventManager.cpp */,
				80BC2F9A170E307200FBDEC5 /* EventManager.h */,
				80BC2F9B170E307200FBDEC5 /* EventObserver.h */,
			);
			path = EventsManager;
			sourceTree = "<group>";
		};
		80BC2FA3170E307200FBDEC5 /* GameEngine */ = {
			isa = PBXGroup;
			children = (
				80BC2F9D170E307200FBDEC5 /* Board.cpp */,
				80BC2F9E170E307200FBDEC5 /* Board.h */,
				80BC2F9F170E307200FBDEC5 /* Piece.cpp */,
				80BC2FA0170E307200FBDEC5 /* Piece.h */,
				80BC2FA1170E307200FBDEC5 /* Puyo.cpp */,
				80BC2FA2170E307200FBDEC5 /* Puyo.h */,
			);
			path = GameEngine;
			sourceTree = "<group>";
		};
		80BC2FA8170E307200FBDEC5 /* Interface */ = {
			isa = PBXGroup;
			children = (
				80BC2FA4170E307200FBDEC5 /* BoardView.cpp */,
				80BC2FA5170E307200FBDEC5 /* BoardView.h */,
				80BC2FA6170E307200FBDEC5 /* GameInterface.cpp */,
				80BC2FA7170E307200FBDEC5 /* GameInterface.h */,
				80BC2FC3170E356800FBDEC5 /* StartScene.cpp */,
				80BC2FC4170E356800FBDEC5 /* StartScene.h */,
				80BC2FCA170E3E5E00FBDEC5 /* Button.cpp */,
				80BC2FCB170E3E5E00FBDEC5 /* Button.h */,
			);
			path = Interface;
			sourceTree = "<group>";
		};
		80BC2FAD170E307200FBDEC5 /* Puyo */ = {
			isa = PBXGroup;
			children = (
				80BC2FBF170E334300FBDEC5 /* Resources */,
				80BC2F9C170E307200FBDEC5 /* EventsManager */,
				80BC2FA3170E307200FBDEC5 /* GameEngine */,
				80BC2FA8170E307200FBDEC5 /* Interface */,
				80BC2FA9170E307200FBDEC5 /* main.cpp */,
				80BC2FAA170E307200FBDEC5 /* Puyo.1 */,
			);
			path = Puyo;
			sourceTree = "<group>";
		};
		80BC2FBF170E334300FBDEC5 /* Resources */ = {
			isa = PBXGroup;
			children = (
				80BC2FC6170E3DBA00FBDEC5 /* startGameNormal.bmp */,
				80BC2FC7170E3DBA00FBDEC5 /* startGameSelected.bmp */,
				80BC2FC0170E334300FBDEC5 /* main.bmp */,
				80BC2FC1170E334300FBDEC5 /* main.jpg */,
			);
			path = Resources;
			sourceTree = "<group>";
		};
/* End PBXGroup section */

/* Begin PBXNativeTarget section */
		80096337170D84560003010F /* PuyoWindow */ = {
			isa = PBXNativeTarget;
			buildConfigurationList = 80096341170D84560003010F /* Build configuration list for PBXNativeTarget "PuyoWindow" */;
			buildPhases = (
				80096334170D84560003010F /* Sources */,
				80096335170D84560003010F /* Frameworks */,
				80096336170D84560003010F /* CopyFiles */,
			);
			buildRules = (
			);
			dependencies = (
			);
			name = PuyoWindow;
			productName = PuyoWindow;
			productReference = 80096338170D84560003010F /* PuyoWindow */;
			productType = "com.apple.product-type.tool";
		};
/* End PBXNativeTarget section */

/* Begin PBXProject section */
		80096330170D84560003010F /* Project object */ = {
			isa = PBXProject;
			attributes = {
				LastUpgradeCheck = 0460;
				ORGANIZATIONNAME = "João Tojo";
			};
			buildConfigurationList = 80096333170D84560003010F /* Build configuration list for PBXProject "PuyoWindow" */;
			compatibilityVersion = "Xcode 3.2";
			developmentRegion = English;
			hasScannedForEncodings = 0;
			knownRegions = (
				en,
			);
			mainGroup = 8009632F170D84560003010F;
			productRefGroup = 80096339170D84560003010F /* Products */;
			projectDirPath = "";
			projectRoot = "";
			targets = (
				80096337170D84560003010F /* PuyoWindow */,
			);
		};
/* End PBXProject section */

/* Begin PBXSourcesBuildPhase section */
		80096334170D84560003010F /* Sources */ = {
			isa = PBXSourcesBuildPhase;
			buildActionMask = 2147483647;
			files = (
				80BC2FAE170E30AE00FBDEC5 /* Event.cpp in Sources */,
				80BC2FAF170E30AE00FBDEC5 /* Event.h in Sources */,
				80BC2FB0170E30AE00FBDEC5 /* EventManager.cpp in Sources */,
				80BC2FB1170E30AE00FBDEC5 /* EventManager.h in Sources */,
				80BC2FB2170E30AE00FBDEC5 /* EventObserver.h in Sources */,
				80BC2FB3170E30AE00FBDEC5 /* Board.cpp in Sources */,
				80BC2FB4170E30AE00FBDEC5 /* Board.h in Sources */,
				80BC2FB5170E30AE00FBDEC5 /* Piece.cpp in Sources */,
				80BC2FB6170E30AE00FBDEC5 /* Piece.h in Sources */,
				80BC2FB7170E30AE00FBDEC5 /* Puyo.cpp in Sources */,
				80BC2FB8170E30AE00FBDEC5 /* Puyo.h in Sources */,
				80BC2FB9170E30AE00FBDEC5 /* BoardView.cpp in Sources */,
				80BC2FBA170E30AE00FBDEC5 /* BoardView.h in Sources */,
				80BC2FBB170E30AE00FBDEC5 /* GameInterface.cpp in Sources */,
				80BC2FBC170E30AE00FBDEC5 /* GameInterface.h in Sources */,
				80DA4E96170E2B1C00FAF31C /* main.mm in Sources */,
				80DA4E97170E2B1C00FAF31C /* SDLMain.m in Sources */,
				80BC2FC5170E356800FBDEC5 /* StartScene.cpp in Sources */,
				80BC2FCC170E3E5E00FBDEC5 /* Button.cpp in Sources */,
			);
			runOnlyForDeploymentPostprocessing = 0;
		};
/* End PBXSourcesBuildPhase section */

/* Begin XCBuildConfiguration section */
		8009633F170D84560003010F /* Debug */ = {
			isa = XCBuildConfiguration;
			buildSettings = {
				ALWAYS_SEARCH_USER_PATHS = NO;
				ARCHS = "$(ARCHS_STANDARD_64_BIT)";
				CLANG_CXX_LANGUAGE_STANDARD = "gnu++0x";
				CLANG_CXX_LIBRARY = "libc++";
				CLANG_WARN_CONSTANT_CONVERSION = YES;
				CLANG_WARN_EMPTY_BODY = YES;
				CLANG_WARN_ENUM_CONVERSION = YES;
				CLANG_WARN_INT_CONVERSION = YES;
				CLANG_WARN__DUPLICATE_METHOD_MATCH = YES;
				COPY_PHASE_STRIP = NO;
				GCC_C_LANGUAGE_STANDARD = gnu99;
				GCC_DYNAMIC_NO_PIC = NO;
				GCC_ENABLE_OBJC_EXCEPTIONS = YES;
				GCC_OPTIMIZATION_LEVEL = 0;
				GCC_PREPROCESSOR_DEFINITIONS = (
					"DEBUG=1",
					"$(inherited)",
				);
				GCC_SYMBOLS_PRIVATE_EXTERN = NO;
				GCC_WARN_64_TO_32_BIT_CONVERSION = YES;
				GCC_WARN_ABOUT_RETURN_TYPE = YES;
				GCC_WARN_UNINITIALIZED_AUTOS = YES;
				GCC_WARN_UNUSED_VARIABLE = YES;
				MACOSX_DEPLOYMENT_TARGET = 10.8;
				ONLY_ACTIVE_ARCH = YES;
				SDKROOT = macosx;
			};
			name = Debug;
		};
		80096340170D84560003010F /* Release */ = {
			isa = XCBuildConfiguration;
			buildSettings = {
				ALWAYS_SEARCH_USER_PATHS = NO;
				ARCHS = "$(ARCHS_STANDARD_64_BIT)";
				CLANG_CXX_LANGUAGE_STANDARD = "gnu++0x";
				CLANG_CXX_LIBRARY = "libc++";
				CLANG_WARN_CONSTANT_CONVERSION = YES;
				CLANG_WARN_EMPTY_BODY = YES;
				CLANG_WARN_ENUM_CONVERSION = YES;
				CLANG_WARN_INT_CONVERSION = YES;
				CLANG_WARN__DUPLICATE_METHOD_MATCH = YES;
				COPY_PHASE_STRIP = YES;
				DEBUG_INFORMATION_FORMAT = "dwarf-with-dsym";
				GCC_C_LANGUAGE_STANDARD = gnu99;
				GCC_ENABLE_OBJC_EXCEPTIONS = YES;
				GCC_WARN_64_TO_32_BIT_CONVERSION = YES;
				GCC_WARN_ABOUT_RETURN_TYPE = YES;
				GCC_WARN_UNINITIALIZED_AUTOS = YES;
				GCC_WARN_UNUSED_VARIABLE = YES;
				MACOSX_DEPLOYMENT_TARGET = 10.8;
				SDKROOT = macosx;
			};
			name = Release;
		};
		80096342170D84560003010F /* Debug */ = {
			isa = XCBuildConfiguration;
			buildSettings = {
				FRAMEWORK_SEARCH_PATHS = (
					"$(inherited)",
					/Volumes/SDL,
					"\"$(SRCROOT)\"",
					"\"$(SRCROOT)/PuyoWindow/PuyoWindow\"",
				);
				HEADER_SEARCH_PATHS = "../Puyo/**";
				OTHER_LDFLAGS = "";
				PRODUCT_NAME = "$(TARGET_NAME)";
				USER_HEADER_SEARCH_PATHS = "";
			};
			name = Debug;
		};
		80096343170D84560003010F /* Release */ = {
			isa = XCBuildConfiguration;
			buildSettings = {
				FRAMEWORK_SEARCH_PATHS = (
					"$(inherited)",
					/Volumes/SDL,
					"\"$(SRCROOT)\"",
					"\"$(SRCROOT)/PuyoWindow/PuyoWindow\"",
				);
				HEADER_SEARCH_PATHS = "../Puyo/**";
				OTHER_LDFLAGS = "";
				PRODUCT_NAME = "$(TARGET_NAME)";
				USER_HEADER_SEARCH_PATHS = "";
			};
			name = Release;
		};
/* End XCBuildConfiguration section */

/* Begin XCConfigurationList section */
		80096333170D84560003010F /* Build configuration list for PBXProject "PuyoWindow" */ = {
			isa = XCConfigurationList;
			buildConfigurations = (
				8009633F170D84560003010F /* Debug */,
				80096340170D84560003010F /* Release */,
			);
			defaultConfigurationIsVisible = 0;
			defaultConfigurationName = Release;
		};
		80096341170D84560003010F /* Build configuration list for PBXNativeTarget "PuyoWindow" */ = {
			isa = XCConfigurationList;
			buildConfigurations = (
				80096342170D84560003010F /* Debug */,
				80096343170D84560003010F /* Release */,
			);
			defaultConfigurationIsVisible = 0;
			defaultConfigurationName = Release;
		};
/* End XCConfigurationList section */
	};
	rootObject = 80096330170D84560003010F /* Project object */;
}
